
Microsoft Visual Studio Solution File, Format Version 12.00
# Visual Studio Version 16
VisualStudioVersion = 16.0.29503.13
MinimumVisualStudioVersion = 10.0.40219.1
Project("{FAE04EC0-301F-11D3-BF4B-00C04F79EFBC}") = "Tic-Tac-Toe", "Tic-Tac-Toe\Tic-Tac-Toe.csproj", "{85D2FE4A-10F9-4FA1-A1A7-EFA488140B8A}"
EndProject
Project("{FAE04EC0-301F-11D3-BF4B-00C04F79EFBC}") = "LogicLibrary", "LogicLibrary\LogicLibrary.csproj", "{A7F45590-69F5-404E-AA0A-C4E28A807A1E}"
EndProject
Project("{FAE04EC0-301F-11D3-BF4B-00C04F79EFBC}") = "Tic-Tac-Toe.Tests", "Tic-Tac-Toe.Tests\Tic-Tac-Toe.Tests.csproj", "{A2E1800B-9B9F-4A31-A699-CC1A5953AFBC}"
EndProject
Project("{FAE04EC0-301F-11D3-BF4B-00C04F79EFBC}") = "TicTacDB", "GameStateDB\TicTacDB.csproj", "{6767B81E-384E-47AE-A6AF-D54B444ECCED}"
EndProject
Global
	GlobalSection(SolutionConfigurationPlatforms) = preSolution
		Debug|Any CPU = Debug|Any CPU
		Release|Any CPU = Release|Any CPU
	EndGlobalSection
	GlobalSection(ProjectConfigurationPlatforms) = postSolution
		{85D2FE4A-10F9-4FA1-A1A7-EFA488140B8A}.Debug|Any CPU.ActiveCfg = Debug|Any CPU
		{85D2FE4A-10F9-4FA1-A1A7-EFA488140B8A}.Debug|Any CPU.Build.0 = Debug|Any CPU
		{85D2FE4A-10F9-4FA1-A1A7-EFA488140B8A}.Release|Any CPU.ActiveCfg = Release|Any CPU
		{85D2FE4A-10F9-4FA1-A1A7-EFA488140B8A}.Release|Any CPU.Build.0 = Release|Any CPU
		{A7F45590-69F5-404E-AA0A-C4E28A807A1E}.Debug|Any CPU.ActiveCfg = Debug|Any CPU
		{A7F45590-69F5-404E-AA0A-C4E28A807A1E}.Debug|Any CPU.Build.0 = Debug|Any CPU
		{A7F45590-69F5-404E-AA0A-C4E28A807A1E}.Release|Any CPU.ActiveCfg = Release|Any CPU
		{A7F45590-69F5-404E-AA0A-C4E28A807A1E}.Release|Any CPU.Build.0 = Release|Any CPU
		{A2E1800B-9B9F-4A31-A699-CC1A5953AFBC}.Debug|Any CPU.ActiveCfg = Debug|Any CPU
		{A2E1800B-9B9F-4A31-A699-CC1A5953AFBC}.Debug|Any CPU.Build.0 = Debug|Any CPU
		{A2E1800B-9B9F-4A31-A699-CC1A5953AFBC}.Release|Any CPU.ActiveCfg = Release|Any CPU
		{A2E1800B-9B9F-4A31-A699-CC1A5953AFBC}.Release|Any CPU.Build.0 = Release|Any CPU
		{6767B81E-384E-47AE-A6AF-D54B444ECCED}.Debug|Any CPU.ActiveCfg = Debug|Any CPU
		{6767B81E-384E-47AE-A6AF-D54B444ECCED}.Debug|Any CPU.Build.0 = Debug|Any CPU
		{6767B81E-384E-47AE-A6AF-D54B444ECCED}.Release|Any CPU.ActiveCfg = Release|Any CPU
		{6767B81E-384E-47AE-A6AF-D54B444ECCED}.Release|Any CPU.Build.0 = Release|Any CPU
	EndGlobalSection
	GlobalSection(SolutionProperties) = preSolution
		HideSolutionNode = FALSE
	EndGlobalSection
	GlobalSection(ExtensibilityGlobals) = postSolution
		SolutionGuid = {2C9F80CC-E464-4D33-B0AD-CC0060510487}
	EndGlobalSection
EndGlobal
